// !$*UTF8*$!
{
	archiveVersion = 1;
	classes = {
	};
	objectVersion = 46;
	objects = {

/* Begin PBXBuildFile section */
		AF103CAD1E5D37D1007A1211 /* AppDelegate.swift in Sources */ = {isa = PBXBuildFile; fileRef = AF103CAC1E5D37D1007A1211 /* AppDelegate.swift */; };
		AF103CAF1E5D37D1007A1211 /* ViewController.swift in Sources */ = {isa = PBXBuildFile; fileRef = AF103CAE1E5D37D1007A1211 /* ViewController.swift */; };
		AF103CB21E5D37D1007A1211 /* Main.storyboard in Resources */ = {isa = PBXBuildFile; fileRef = AF103CB01E5D37D1007A1211 /* Main.storyboard */; };
		AF103CB41E5D37D1007A1211 /* Assets.xcassets in Resources */ = {isa = PBXBuildFile; fileRef = AF103CB31E5D37D1007A1211 /* Assets.xcassets */; };
		AF103CB71E5D37D1007A1211 /* LaunchScreen.storyboard in Resources */ = {isa = PBXBuildFile; fileRef = AF103CB51E5D37D1007A1211 /* LaunchScreen.storyboard */; };
		AF103CC01E5D3816007A1211 /* URLImage.swift in Sources */ = {isa = PBXBuildFile; fileRef = AF103CBF1E5D3816007A1211 /* URLImage.swift */; };
		AF103CC21E5D3824007A1211 /* user.png in Resources */ = {isa = PBXBuildFile; fileRef = AF103CC11E5D3824007A1211 /* user.png */; };
		AF103CC41E5D3862007A1211 /* UIImageView+URLImage.swift in Sources */ = {isa = PBXBuildFile; fileRef = AF103CC31E5D3862007A1211 /* UIImageView+URLImage.swift */; };
		AF103CC71E5D38F2007A1211 /* URLImageCache.xcdatamodeld in Sources */ = {isa = PBXBuildFile; fileRef = AF103CC51E5D38F2007A1211 /* URLImageCache.xcdatamodeld */; };
		AF103CC91E5D3B00007A1211 /* URLImageCache+.swift in Sources */ = {isa = PBXBuildFile; fileRef = AF103CC81E5D3B00007A1211 /* URLImageCache+.swift */; };
/* End PBXBuildFile section */

/* Begin PBXFileReference section */
		AF103CA91E5D37D1007A1211 /* URLImageExample.app */ = {isa = PBXFileReference; explicitFileType = wrapper.application; includeInIndex = 0; path = URLImageExample.app; sourceTree = BUILT_PRODUCTS_DIR; };
		AF103CAC1E5D37D1007A1211 /* AppDelegate.swift */ = {isa = PBXFileReference; lastKnownFileType = sourcecode.swift; path = AppDelegate.swift; sourceTree = "<group>"; };
		AF103CAE1E5D37D1007A1211 /* ViewController.swift */ = {isa = PBXFileReference; lastKnownFileType = sourcecode.swift; path = ViewController.swift; sourceTree = "<group>"; };
		AF103CB11E5D37D1007A1211 /* Base */ = {isa = PBXFileReference; lastKnownFileType = file.storyboard; name = Base; path = Base.lproj/Main.storyboard; sourceTree = "<group>"; };
		AF103CB31E5D37D1007A1211 /* Assets.xcassets */ = {isa = PBXFileReference; lastKnownFileType = folder.assetcatalog; path = Assets.xcassets; sourceTree = "<group>"; };
		AF103CB61E5D37D1007A1211 /* Base */ = {isa = PBXFileReference; lastKnownFileType = file.storyboard; name = Base; path = Base.lproj/LaunchScreen.storyboard; sourceTree = "<group>"; };
		AF103CB81E5D37D1007A1211 /* Info.plist */ = {isa = PBXFileReference; lastKnownFileType = text.plist.xml; path = Info.plist; sourceTree = "<group>"; };
		AF103CBF1E5D3816007A1211 /* URLImage.swift */ = {isa = PBXFileReference; fileEncoding = 4; lastKnownFileType = sourcecode.swift; path = URLImage.swift; sourceTree = "<group>"; };
		AF103CC11E5D3824007A1211 /* user.png */ = {isa = PBXFileReference; lastKnownFileType = image.png; path = user.png; sourceTree = "<group>"; };
		AF103CC31E5D3862007A1211 /* UIImageView+URLImage.swift */ = {isa = PBXFileReference; fileEncoding = 4; lastKnownFileType = sourcecode.swift; path = "UIImageView+URLImage.swift"; sourceTree = "<group>"; };
		AF103CC61E5D38F2007A1211 /* URLImageCache.xcdatamodel */ = {isa = PBXFileReference; lastKnownFileType = wrapper.xcdatamodel; path = URLImageCache.xcdatamodel; sourceTree = "<group>"; };
		AF103CC81E5D3B00007A1211 /* URLImageCache+.swift */ = {isa = PBXFileReference; fileEncoding = 4; lastKnownFileType = sourcecode.swift; path = "URLImageCache+.swift"; sourceTree = "<group>"; };
/* End PBXFileReference section */

/* Begin PBXFrameworksBuildPhase section */
		AF103CA61E5D37D1007A1211 /* Frameworks */ = {
			isa = PBXFrameworksBuildPhase;
			buildActionMask = 2147483647;
			files = (
			);
			runOnlyForDeploymentPostprocessing = 0;
		};
/* End PBXFrameworksBuildPhase section */

/* Begin PBXGroup section */
		AF103CA01E5D37D1007A1211 = {
			isa = PBXGroup;
			children = (
				AF103CBE1E5D3816007A1211 /* URLImage */,
				AF103CAB1E5D37D1007A1211 /* URLImageExample */,
				AF103CAA1E5D37D1007A1211 /* Products */,
			);
			sourceTree = "<group>";
		};
		AF103CAA1E5D37D1007A1211 /* Products */ = {
			isa = PBXGroup;
			children = (
				AF103CA91E5D37D1007A1211 /* URLImageExample.app */,
			);
			name = Products;
			sourceTree = "<group>";
		};
		AF103CAB1E5D37D1007A1211 /* URLImageExample */ = {
			isa = PBXGroup;
			children = (
				AF103CAC1E5D37D1007A1211 /* AppDelegate.swift */,
				AF103CAE1E5D37D1007A1211 /* ViewController.swift */,
				AF103CB01E5D37D1007A1211 /* Main.storyboard */,
				AF103CB31E5D37D1007A1211 /* Assets.xcassets */,
				AF103CB51E5D37D1007A1211 /* LaunchScreen.storyboard */,
				AF103CB81E5D37D1007A1211 /* Info.plist */,
				AF103CC11E5D3824007A1211 /* user.png */,
			);
			path = URLImageExample;
			sourceTree = "<group>";
		};
		AF103CBE1E5D3816007A1211 /* URLImage */ = {
			isa = PBXGroup;
			children = (
				AF103CBF1E5D3816007A1211 /* URLImage.swift */,
				AF103CC31E5D3862007A1211 /* UIImageView+URLImage.swift */,
				AF103CC51E5D38F2007A1211 /* URLImageCache.xcdatamodeld */,
				AF103CC81E5D3B00007A1211 /* URLImageCache+.swift */,
			);
			path = URLImage;
			sourceTree = "<group>";
		};
/* End PBXGroup section */

/* Begin PBXNativeTarget section */
		AF103CA81E5D37D1007A1211 /* URLImageExample */ = {
			isa = PBXNativeTarget;
			buildConfigurationList = AF103CBB1E5D37D1007A1211 /* Build configuration list for PBXNativeTarget "URLImageExample" */;
			buildPhases = (
				AF103CA51E5D37D1007A1211 /* Sources */,
				AF103CA61E5D37D1007A1211 /* Frameworks */,
				AF103CA71E5D37D1007A1211 /* Resources */,
			);
			buildRules = (
			);
			dependencies = (
			);
			name = URLImageExample;
			productName = URLImageExample;
			productReference = AF103CA91E5D37D1007A1211 /* URLImageExample.app */;
			productType = "com.apple.product-type.application";
		};
/* End PBXNativeTarget section */

/* Begin PBXProject section */
		AF103CA11E5D37D1007A1211 /* Project object */ = {
			isa = PBXProject;
			attributes = {
				LastSwiftUpdateCheck = 0820;
				LastUpgradeCheck = 0820;
				ORGANIZATIONNAME = "Wayne Yeh";
				TargetAttributes = {
					AF103CA81E5D37D1007A1211 = {
						CreatedOnToolsVersion = 8.2.1;
						DevelopmentTeam = ZRU74Q6CGE;
						ProvisioningStyle = Automatic;
					};
				};
			};
			buildConfigurationList = AF103CA41E5D37D1007A1211 /* Build configuration list for PBXProject "URLImageExample" */;
			compatibilityVersion = "Xcode 3.2";
			developmentRegion = English;
			hasScannedForEncodings = 0;
			knownRegions = (
				en,
				Base,
			);
			mainGroup = AF103CA01E5D37D1007A1211;
			productRefGroup = AF103CAA1E5D37D1007A1211 /* Products */;
			projectDirPath = "";
			projectRoot = "";
			targets = (
				AF103CA81E5D37D1007A1211 /* URLImageExample */,
			);
		};
/* End PBXProject section */

/* Begin PBXResourcesBuildPhase section */
		AF103CA71E5D37D1007A1211 /* Resources */ = {
			isa = PBXResourcesBuildPhase;
			buildActionMask = 2147483647;
			files = (
				AF103CB71E5D37D1007A1211 /* LaunchScreen.storyboard in Resources */,
				AF103CB41E5D37D1007A1211 /* Assets.xcassets in Resources */,
				AF103CC21E5D3824007A1211 /* user.png in Resources */,
				AF103CB21E5D37D1007A1211 /* Main.storyboard in Resources */,
			);
			runOnlyForDeploymentPostprocessing = 0;
		};
/* End PBXResourcesBuildPhase section */

/* Begin PBXSourcesBuildPhase section */
		AF103CA51E5D37D1007A1211 /* Sources */ = {
			isa = PBXSourcesBuildPhase;
			buildActionMask = 2147483647;
			files = (
				AF103CAF1E5D37D1007A1211 /* ViewController.swift in Sources */,
				AF103CC01E5D3816007A1211 /* URLImage.swift in Sources */,
				AF103CC91E5D3B00007A1211 /* URLImageCache+.swift in Sources */,
				AF103CC71E5D38F2007A1211 /* URLImageCache.xcdatamodeld in Sources */,
				AF103CC41E5D3862007A1211 /* UIImageView+URLImage.swift in Sources */,
				AF103CAD1E5D37D1007A1211 /* AppDelegate.swift in Sources */,
			);
			runOnlyForDeploymentPostprocessing = 0;
		};
/* End PBXSourcesBuildPhase section */

/* Begin PBXVariantGroup section */
		AF103CB01E5D37D1007A1211 /* Main.storyboard */ = {
			isa = PBXVariantGroup;
			children = (
				AF103CB11E5D37D1007A1211 /* Base */,
			);
			name = Main.storyboard;
			sourceTree = "<group>";
		};
		AF103CB51E5D37D1007A1211 /* LaunchScreen.storyboard */ = {
			isa = PBXVariantGroup;
			children = (
				AF103CB61E5D37D1007A1211 /* Base */,
			);
			name = LaunchScreen.storyboard;
			sourceTree = "<group>";
		};
/* End PBXVariantGroup section */

/* Begin XCBuildConfiguration section */
		AF103CB91E5D37D1007A1211 /* Debug */ = {
			isa = XCBuildConfiguration;
			buildSettings = {
				ALWAYS_SEARCH_USER_PATHS = NO;
				CLANG_ANALYZER_NONNULL = YES;
				CLANG_CXX_LANGUAGE_STANDARD = "gnu++0x";
				CLANG_CXX_LIBRARY = "libc++";
				CLANG_ENABLE_MODULES = YES;
				CLANG_ENABLE_OBJC_ARC = YES;
				CLANG_WARN_BOOL_CONVERSION = YES;
				CLANG_WARN_CONSTANT_CONVERSION = YES;
				CLANG_WARN_DIRECT_OBJC_ISA_USAGE = YES_ERROR;
				CLANG_WARN_DOCUMENTATION_COMMENTS = YES;
				CLANG_WARN_EMPTY_BODY = YES;
				CLANG_WARN_ENUM_CONVERSION = YES;
				CLANG_WARN_INFINITE_RECURSION = YES;
				CLANG_WARN_INT_CONVERSION = YES;
				CLANG_WARN_OBJC_ROOT_CLASS = YES_ERROR;
				CLANG_WARN_SUSPICIOUS_MOVE = YES;
				CLANG_WARN_UNREACHABLE_CODE = YES;
				CLANG_WARN__DUPLICATE_METHOD_MATCH = YES;
				"CODE_SIGN_IDENTITY[sdk=iphoneos*]" = "iPhone Developer";
				COPY_PHASE_STRIP = NO;
				DEBUG_INFORMATION_FORMAT = dwarf;
				ENABLE_STRICT_OBJC_MSGSEND = YES;
				ENABLE_TESTABILITY = YES;
				GCC_C_LANGUAGE_STANDARD = gnu99;
				GCC_DYNAMIC_NO_PIC = NO;
				GCC_NO_COMMON_BLOCKS = YES;
				GCC_OPTIMIZATION_LEVEL = 0;
				GCC_PREPROCESSOR_DEFINITIONS = (
					"DEBUG=1",
					"$(inherited)",
				);
				GCC_WARN_64_TO_32_BIT_CONVERSION = YES;
				GCC_WARN_ABOUT_RETURN_TYPE = YES_ERROR;
				GCC_WARN_UNDECLARED_SELECTOR = YES;
				GCC_WARN_UNINITIALIZED_AUTOS = YES_AGGRESSIVE;
				GCC_WARN_UNUSED_FUNCTION = YES;
				GCC_WARN_UNUSED_VARIABLE = YES;
				IPHONEOS_DEPLOYMENT_TARGET = 10.2;
				MTL_ENABLE_DEBUG_INFO = YES;
				ONLY_ACTIVE_ARCH = YES;
				SDKROOT = iphoneos;
				SWIFT_ACTIVE_COMPILATION_CONDITIONS = DEBUG;
				SWIFT_OPTIMIZATION_LEVEL = "-Onone";
				TARGETED_DEVICE_FAMILY = "1,2";
			};
			name = Debug;
		};
		AF103CBA1E5D37D1007A1211 /* Release */ = {
			isa = XCBuildConfiguration;
			buildSettings = {
				ALWAYS_SEARCH_USER_PATHS = NO;
				CLANG_ANALYZER_NONNULL = YES;
				CLANG_CXX_LANGUAGE_STANDARD = "gnu++0x";
				CLANG_CXX_LIBRARY = "libc++";
				CLANG_ENABLE_MODULES = YES;
				CLANG_ENABLE_OBJC_ARC = YES;
				CLANG_WARN_BOOL_CONVERSION = YES;
				CLANG_WARN_CONSTANT_CONVERSION = YES;
				CLANG_WARN_DIRECT_OBJC_ISA_USAGE = YES_ERROR;
				CLANG_WARN_DOCUMENTATION_COMMENTS = YES;
				CLANG_WARN_EMPTY_BODY = YES;
				CLANG_WARN_ENUM_CONVERSION = YES;
				CLANG_WARN_INFINITE_RECURSION = YES;
				CLANG_WARN_INT_CONVERSION = YES;
				CLANG_WARN_OBJC_ROOT_CLASS = YES_ERROR;
				CLANG_WARN_SUSPICIOUS_MOVE = YES;
				CLANG_WARN_UNREACHABLE_CODE = YES;
				CLANG_WARN__DUPLICATE_METHOD_MATCH = YES;
				"CODE_SIGN_IDENTITY[sdk=iphoneos*]" = "iPhone Developer";
				COPY_PHASE_STRIP = NO;
				DEBUG_INFORMATION_FORMAT = "dwarf-with-dsym";
				ENABLE_NS_ASSERTIONS = NO;
				ENABLE_STRICT_OBJC_MSGSEND = YES;
				GCC_C_LANGUAGE_STANDARD = gnu99;
				GCC_NO_COMMON_BLOCKS = YES;
				GCC_WARN_64_TO_32_BIT_CONVERSION = YES;
				GCC_WARN_ABOUT_RETURN_TYPE = YES_ERROR;
				GCC_WARN_UNDECLARED_SELECTOR = YES;
				GCC_WARN_UNINITIALIZED_AUTOS = YES_AGGRESSIVE;
				GCC_WARN_UNUSED_FUNCTION = YES;
				GCC_WARN_UNUSED_VARIABLE = YES;
				IPHONEOS_DEPLOYMENT_TARGET = 10.2;
				MTL_ENABLE_DEBUG_INFO = NO;
				SDKROOT = iphoneos;
				SWIFT_OPTIMIZATION_LEVEL = "-Owholemodule";
				TARGETED_DEVICE_FAMILY = "1,2";
				VALIDATE_PRODUCT = YES;
			};
			name = Release;
		};
		AF103CBC1E5D37D1007A1211 /* Debug */ = {
			isa = XCBuildConfiguration;
			buildSettings = {
				ASSETCATALOG_COMPILER_APPICON_NAME = AppIcon;
				DEVELOPMENT_TEAM = ZRU74Q6CGE;
				INFOPLIST_FILE = URLImageExample/Info.plist;
				LD_RUNPATH_SEARCH_PATHS = "$(inherited) @executable_path/Frameworks";
				PRODUCT_BUNDLE_IDENTIFIER = app.yyc.URLImageExample;
				PRODUCT_NAME = "$(TARGET_NAME)";
				SWIFT_VERSION = 3.0;
			};
			name = Debug;
		};
		AF103CBD1E5D37D1007A1211 /* Release */ = {
			isa = XCBuildConfiguration;
			buildSettings = {
				ASSETCATALOG_COMPILER_APPICON_NAME = AppIcon;
				DEVELOPMENT_TEAM = ZRU74Q6CGE;
				INFOPLIST_FILE = URLImageExample/Info.plist;
				LD_RUNPATH_SEARCH_PATHS = "$(inherited) @executable_path/Frameworks";
				PRODUCT_BUNDLE_IDENTIFIER = app.yyc.URLImageExample;
				PRODUCT_NAME = "$(TARGET_NAME)";
				SWIFT_VERSION = 3.0;
			};
			name = Release;
		};
/* End XCBuildConfiguration section */

/* Begin XCConfigurationList section */
		AF103CA41E5D37D1007A1211 /* Build configuration list for PBXProject "URLImageExample" */ = {
			isa = XCConfigurationList;
			buildConfigurations = (
				AF103CB91E5D37D1007A1211 /* Debug */,
				AF103CBA1E5D37D1007A1211 /* Release */,
			);
			defaultConfigurationIsVisible = 0;
			defaultConfigurationName = Release;
		};
		AF103CBB1E5D37D1007A1211 /* Build configuration list for PBXNativeTarget "URLImageExample" */ = {
			isa = XCConfigurationList;
			buildConfigurations = (
				AF103CBC1E5D37D1007A1211 /* Debug */,
				AF103CBD1E5D37D1007A1211 /* Release */,
			);
			defaultConfigurationIsVisible = 0;
		};
/* End XCConfigurationList section */

/* Begin XCVersionGroup section */
		AF103CC51E5D38F2007A1211 /* URLImageCache.xcdatamodeld */ = {
			isa = XCVersionGroup;
			children = (
				AF103CC61E5D38F2007A1211 /* URLImageCache.xcdatamodel */,
			);
			currentVersion = AF103CC61E5D38F2007A1211 /* URLImageCache.xcdatamodel */;
			path = URLImageCache.xcdatamodeld;
			sourceTree = "<group>";
			versionGroupType = wrapper.xcdatamodel;
		};
/* End XCVersionGroup section */
	};
	rootObject = AF103CA11E5D37D1007A1211 /* Project object */;
}
